lockfileVersion: '6.0'

settings:
  autoInstallPeers: true
  excludeLinksFromLockfile: false

dependencies:
  chokidar:
    specifier: ^3.6.0
    version: 3.6.0
  commander:
    specifier: ^12.1.0
    version: 12.1.0
  fs-extra:
    specifier: ^11.2.0
    version: 11.2.0

devDependencies:
  eslint:
    specifier: ^8.57.0
    version: 8.57.0
  eslint-plugin-jest:
    specifier: ^27.9.0
    version: 27.9.0(eslint@8.57.0)
  jest:
    specifier: ^29.7.0
    version: 29.7.0
